{
  "version": 4,
  "terraform_version": "1.5.1",
  "serial": 6,
  "lineage": "762453c7-587b-6dc9-e4b3-9cb6711d3d09",
  "outputs": {},
  "resources": [
    {
      "mode": "managed",
      "type": "azurerm_network_interface",
      "name": "example",
      "provider": "provider[\"registry.terraform.io/hashicorp/azurerm\"]",
      "instances": [
        {
          "schema_version": 0,
          "attributes": {
            "applied_dns_servers": [],
            "dns_servers": [],
            "edge_zone": "",
            "enable_accelerated_networking": false,
            "enable_ip_forwarding": false,
            "id": "/subscriptions/765266c6-9a23-4638-af32-dd1e32613047/resourceGroups/ADDA84-CTP/providers/Microsoft.Network/networkInterfaces/nic",
            "internal_dns_name_label": "",
            "internal_domain_name_suffix": "tbpvrgpmhljero211xvof0d4hh.parx.internal.cloudapp.net",
            "ip_configuration": [
              {
                "gateway_load_balancer_frontend_ip_configuration_id": "",
                "name": "config",
                "primary": true,
                "private_ip_address": "10.3.1.6",
                "private_ip_address_allocation": "Dynamic",
                "private_ip_address_version": "IPv4",
                "public_ip_address_id": "",
                "subnet_id": "/subscriptions/765266c6-9a23-4638-af32-dd1e32613047/resourceGroups/ADDA84-CTP/providers/Microsoft.Network/virtualNetworks/network-tp4/subnets/internal"
              }
            ],
            "location": "francecentral",
            "mac_address": "00-0D-3A-79-03-F6",
            "name": "nic",
            "private_ip_address": "10.3.1.6",
            "private_ip_addresses": [
              "10.3.1.6"
            ],
            "resource_group_name": "ADDA84-CTP",
            "tags": {},
            "timeouts": null,
            "virtual_machine_id": "/subscriptions/765266c6-9a23-4638-af32-dd1e32613047/resourceGroups/ADDA84-CTP/providers/Microsoft.Compute/virtualMachines/devops-20190647"
          },
          "sensitive_attributes": [],
          "private": "eyJlMmJmYjczMC1lY2FhLTExZTYtOGY4OC0zNDM2M2JjN2M0YzAiOnsiY3JlYXRlIjoxODAwMDAwMDAwMDAwLCJkZWxldGUiOjE4MDAwMDAwMDAwMDAsInJlYWQiOjMwMDAwMDAwMDAwMCwidXBkYXRlIjoxODAwMDAwMDAwMDAwfX0=",
          "dependencies": [
            "azurerm_public_ip.example",
            "azurerm_resource_group.example",
            "azurerm_subnet.example",
            "azurerm_virtual_network.example",
            "data.azurerm_subnet.example"
          ]
        }
      ]
    },
    {
      "mode": "managed",
      "type": "azurerm_resource_group",
      "name": "example",
      "provider": "provider[\"registry.terraform.io/hashicorp/azurerm\"]",
      "instances": [
        {
          "schema_version": 0,
          "attributes": {
            "id": "/subscriptions/765266c6-9a23-4638-af32-dd1e32613047/resourceGroups/ADDA84-CTP",
            "location": "francecentral",
            "name": "ADDA84-CTP",
            "tags": {
              "cours": "ADDA84",
              "date-debut": "25/05/2023",
              "date-fin": "27/07/2023",
              "owner": "vincent.domingues"
            },
            "timeouts": null
          },
          "sensitive_attributes": [],
          "private": "eyJlMmJmYjczMC1lY2FhLTExZTYtOGY4OC0zNDM2M2JjN2M0YzAiOnsiY3JlYXRlIjo1NDAwMDAwMDAwMDAwLCJkZWxldGUiOjU0MDAwMDAwMDAwMDAsInJlYWQiOjMwMDAwMDAwMDAwMCwidXBkYXRlIjo1NDAwMDAwMDAwMDAwfSwic2NoZW1hX3ZlcnNpb24iOiIwIn0="
        }
      ]
    }
  ],
  "check_results": null
}
